
Microsoft Visual Studio Solution File, Format Version 12.00
# Visual Studio Version 16
VisualStudioVersion = 16.0.31729.503
MinimumVisualStudioVersion = 10.0.40219.1
Project("{FAE04EC0-301F-11D3-BF4B-00C04F79EFBC}") = "appFuncionarios", "appFuncionarios\appFuncionarios.csproj", "{E0A8B64F-4431-47AE-8A02-0D3FC2EF8F77}"
EndProject
Global
	GlobalSection(SolutionConfigurationPlatforms) = preSolution
		Debug|Any CPU = Debug|Any CPU
		Release|Any CPU = Release|Any CPU
	EndGlobalSection
	GlobalSection(ProjectConfigurationPlatforms) = postSolution
		{E0A8B64F-4431-47AE-8A02-0D3FC2EF8F77}.Debug|Any CPU.ActiveCfg = Debug|Any CPU
		{E0A8B64F-4431-47AE-8A02-0D3FC2EF8F77}.Debug|Any CPU.Build.0 = Debug|Any CPU
		{E0A8B64F-4431-47AE-8A02-0D3FC2EF8F77}.Release|Any CPU.ActiveCfg = Release|Any CPU
		{E0A8B64F-4431-47AE-8A02-0D3FC2EF8F77}.Release|Any CPU.Build.0 = Release|Any CPU
	EndGlobalSection
	GlobalSection(SolutionProperties) = preSolution
		HideSolutionNode = FALSE
	EndGlobalSection
	GlobalSection(ExtensibilityGlobals) = postSolution
		SolutionGuid = {CA2DE6F4-26DE-4BAD-A1ED-FE617726CACE}
	EndGlobalSection
EndGlobal
